anyio==4.6.2
argon2-cffi==23.1.0
argon2-cffi-bindings==21.2.0
arrow==1.3.0
asttokens==2.4.1
async-lru==2.0.4
async_generator==1.10
attrs==24.2.0
babel==2.16.0
beautifulsoup4==4.12.3
black==24.10.0
bleach==6.1.0
blinker==1.9.0
brotlicffi==1.1.0.0
build==1.2.2.post1
certifi==2024.8.30
cffi==1.17.1
chardet==5.2.0
charset-normalizer==3.3.2
click==8.1.8
comm==0.2.2
decorator==5.1.1
defusedxml==0.8.0rc2
executing==2.1.0
fastjsonschema==2.19.1
Flask==3.1.0
fqdn==1.5.1
h11==0.14.0
html5lib==1.1
httpcore==1.0.6
httpx==0.27.2
idna==3.10
ipykernel==6.29.5
ipython==8.29.0
isoduration==20.11.0
itsdangerous==2.2.0
jedi==0.19.1
Jinja2==3.1.4
json5==0.9.25
jsonpointer==3.0.0
jsonschema==4.23.0
jsonschema-specifications==2023.12.1
jupyter-events==0.10.0
jupyter-lsp==2.2.5
jupyter_client==8.6.3
jupyter_core==5.7.2
jupyter_server==2.14.2
jupyter_server_terminals==0.5.3
jupyterlab==4.2.5
jupyterlab_pygments==0.3.0
jupyterlab_server==2.27.3
markdown-it-py==3.0.0
MarkupSafe==3.0.2
matplotlib-inline==0.1.7
mdurl==0.1.2
mistune==3.0.2
mypy-extensions==1.0.0
nbclient==0.10.0
nbconvert==7.16.4
nbformat==5.10.4
nest_asyncio==1.6.0
notebook==7.2.2
notebook_shim==0.2.4
overrides==7.7.0
packaging==24.1
pandocfilters==1.5.1
parso==0.8.4
pathspec==0.12.1
pexpect==4.9.0
platformdirs==4.3.6
prometheus_client==0.21.0
prompt_toolkit==3.0.48
psutil==6.0.0
ptyprocess==0.7.0
pure_eval==0.2.2
pycparser==2.22
Pygments==2.18.0
pyproject_hooks==1.2.0
PySocks==1.7.1
python-dateutil==2.9.0.post0
python-json-logger==2.0.7
PyYAML==6.0.2
pyzmq==26.2.0
referencing==0.35.1
requests==2.32.3
rfc3339_validator==0.1.4
rfc3986_validator==0.1.1
rich==13.9.4
rpds-py==0.18.1
Send2Trash==1.8.3
setuptools==75.1.1.post0
six==1.16.0
sniffio==1.3.1
soupsieve==2.6
stack_data==0.6.3
terminado==0.18.1
tinycss2==1.3.0
toml==0.10.2
tornado==6.4.1
traitlets==5.14.3
types-python-dateutil==2.9.0.20240906
uri-template==1.3.0
urllib3==2.2.3
wcwidth==0.2.13
webcolors==24.8.0
webencodings==0.5.1
websocket-client==1.8.0
Werkzeug==3.1.3
